
Microsoft Visual Studio Solution File, Format Version 12.00
# Visual Studio Version 16
VisualStudioVersion = 16.0.29025.244
MinimumVisualStudioVersion = 10.0.40219.1
Project("{FAE04EC0-301F-11D3-BF4B-00C04F79EFBC}") = "Web_Api", "Web_Api\Web_Api.csproj", "{C41D0B42-8C3C-40C5-8E6A-4696F9EF6D67}"
EndProject
Global
	GlobalSection(SolutionConfigurationPlatforms) = preSolution
		Debug|Any CPU = Debug|Any CPU
		Release|Any CPU = Release|Any CPU
	EndGlobalSection
	GlobalSection(ProjectConfigurationPlatforms) = postSolution
		{C41D0B42-8C3C-40C5-8E6A-4696F9EF6D67}.Debug|Any CPU.ActiveCfg = Debug|Any CPU
		{C41D0B42-8C3C-40C5-8E6A-4696F9EF6D67}.Debug|Any CPU.Build.0 = Debug|Any CPU
		{C41D0B42-8C3C-40C5-8E6A-4696F9EF6D67}.Release|Any CPU.ActiveCfg = Release|Any CPU
		{C41D0B42-8C3C-40C5-8E6A-4696F9EF6D67}.Release|Any CPU.Build.0 = Release|Any CPU
	EndGlobalSection
	GlobalSection(SolutionProperties) = preSolution
		HideSolutionNode = FALSE
	EndGlobalSection
	GlobalSection(ExtensibilityGlobals) = postSolution
		SolutionGuid = {9E92467C-8F8E-4215-B7D2-9342BDB05F89}
	EndGlobalSection
EndGlobal
